{
  "version": "5",
  "specifiers": {
    "jsr:@deno/cache-dir@0.14": "0.14.0",
    "jsr:@deno/doc@0.183": "0.183.0",
    "jsr:@deno/gfm@0.10": "0.10.0",
    "jsr:@deno/graph@0.86": "0.86.9",
    "jsr:@deno/graph@~0.82.3": "0.82.3",
    "jsr:@denosaurs/emoji@0.3": "0.3.1",
    "jsr:@std/async@^1.0.8": "1.0.9",
    "jsr:@std/bytes@^1.0.5": "1.0.6",
    "jsr:@std/bytes@^1.0.6": "1.0.6",
    "jsr:@std/collections@^1.0.9": "1.1.3",
    "jsr:@std/collections@^1.1.3": "1.1.3",
    "jsr:@std/crypto@^1.0.5": "1.0.5",
    "jsr:@std/encoding@^1.0.10": "1.0.10",
    "jsr:@std/fmt@^1.0.3": "1.0.8",
    "jsr:@std/fmt@^1.0.8": "1.0.8",
    "jsr:@std/front-matter@^1.0.5": "1.0.5",
    "jsr:@std/fs@^1.0.6": "1.0.19",
    "jsr:@std/io@0.225": "0.225.2",
    "jsr:@std/path@^1.0.8": "1.0.8",
    "jsr:@std/toml@^1.0.1": "1.0.2",
    "jsr:@std/yaml@^1.0.5": "1.0.5",
    "npm:@mdn/browser-compat-data@^7.1.6": "7.1.6",
    "npm:@orama/core@^1.2.17": "1.2.17",
    "npm:github-slugger@2": "2.0.0",
    "npm:he@^1.2.0": "1.2.0",
    "npm:katex@0.16": "0.16.11",
    "npm:marked-alert@2": "2.1.2_marked@12.0.2",
    "npm:marked-footnote@^1.2.0": "1.2.4_marked@12.0.2",
    "npm:marked-gfm-heading-id@^3.1.0": "3.2.0_marked@12.0.2",
    "npm:marked@12": "12.0.2",
    "npm:prismjs@^1.29.0": "1.29.0",
    "npm:sanitize-html@^2.13.0": "2.13.1"
  },
  "jsr": {
    "@deno/cache-dir@0.14.0": {
      "integrity": "729f0b68e7fc96443c09c2c544b830ca70897bdd5168598446d752f7a4c731ad",
      "dependencies": [
        "jsr:@deno/graph@0.86",
        "jsr:@std/fmt@^1.0.3",
        "jsr:@std/fs",
        "jsr:@std/io",
        "jsr:@std/path"
      ]
    },
    "@deno/doc@0.183.0": {
      "integrity": "19a30e7e3083245c4a232bdc19481e813032f49f7a6bb292b3993066c9137692",
      "dependencies": [
        "jsr:@deno/cache-dir",
        "jsr:@deno/graph@~0.82.3"
      ]
    },
    "@deno/gfm@0.10.0": {
      "integrity": "51708205e3559a4aeb6afb29d07c5bfafe7941f91bb360351ef6621de9a39527",
      "dependencies": [
        "jsr:@denosaurs/emoji",
        "npm:github-slugger",
        "npm:he",
        "npm:katex",
        "npm:marked",
        "npm:marked-alert",
        "npm:marked-footnote",
        "npm:marked-gfm-heading-id",
        "npm:prismjs",
        "npm:sanitize-html"
      ]
    },
    "@deno/graph@0.82.3": {
      "integrity": "5c1fe944368172a9c87588ac81b82eb027ca78002a57521567e6264be322637e"
    },
    "@deno/graph@0.86.9": {
      "integrity": "c4f353a695bcc5246c099602977dabc6534eacea9999a35a8cb24e807192e6a1"
    },
    "@denosaurs/emoji@0.3.1": {
      "integrity": "b0aed5f55dec99e83da7c9637fe0a36d1d6252b7c99deaaa3fc5dea3fcf3da8b"
    },
    "@std/async@1.0.9": {
      "integrity": "c6472fd0623b3f3daae023cdf7ca5535e1b721dfbf376562c0c12b3fb4867f91"
    },
    "@std/bytes@1.0.6": {
      "integrity": "f6ac6adbd8ccd99314045f5703e23af0a68d7f7e58364b47d2c7f408aeb5820a"
    },
    "@std/collections@1.0.9": {
      "integrity": "4f58104ead08a04a2199374247f07befe50ba01d9cca8cbb23ab9a0419921e71"
    },
    "@std/collections@1.1.3": {
      "integrity": "bf8b0818886df6a32b64c7d3b037a425111f28278d69fd0995aeb62777c986b0"
    },
    "@std/crypto@1.0.5": {
      "integrity": "0dcfbb319fe0bba1bd3af904ceb4f948cde1b92979ec1614528380ed308a3b40"
    },
    "@std/encoding@1.0.10": {
      "integrity": "8783c6384a2d13abd5e9e87a7ae0520a30e9f56aeeaa3bdf910a3eaaf5c811a1"
    },
    "@std/fmt@1.0.8": {
      "integrity": "71e1fc498787e4434d213647a6e43e794af4fd393ef8f52062246e06f7e372b7"
    },
    "@std/front-matter@1.0.5": {
      "integrity": "abddc64030a33eb5bc524b8c73e7c417cea09177aaeb4abf75a56b540c4b6e60",
      "dependencies": [
        "jsr:@std/toml",
        "jsr:@std/yaml"
      ]
    },
    "@std/fs@1.0.19": {
      "integrity": "051968c2b1eae4d2ea9f79a08a3845740ef6af10356aff43d3e2ef11ed09fb06"
    },
    "@std/io@0.225.2": {
      "integrity": "3c740cd4ee4c082e6cfc86458f47e2ab7cb353dc6234d5e9b1f91a2de5f4d6c7",
      "dependencies": [
        "jsr:@std/bytes@^1.0.5"
      ]
    },
    "@std/path@1.0.8": {
      "integrity": "548fa456bb6a04d3c1a1e7477986b6cffbce95102d0bb447c67c4ee70e0364be"
    },
    "@std/toml@1.0.2": {
      "integrity": "5892ba489c5b512265a384238a8fe8dddbbb9498b4b210ef1b9f0336a423a39b",
      "dependencies": [
        "jsr:@std/collections@^1.0.9"
      ]
    },
    "@std/yaml@1.0.5": {
      "integrity": "71ba3d334305ee2149391931508b2c293a8490f94a337eef3a09cade1a2a2742"
    }
  },
  "npm": {
    "@mdn/browser-compat-data@7.1.6": {
      "integrity": "sha512-//xJOI7gGx1OAHAMQq1V4by5gWOZNPSoZdYdUZRKtXuxLnBY5DwY0nZVe7tw4PJQeAeeUH9ZZeAlm1wpdod1Uw=="
    },
    "@noble/hashes@1.8.0": {
      "integrity": "sha512-jCs9ldd7NwzpgXDIf6P3+NrHh9/sD6CQdxHyjQI+h/6rDNo88ypBxxz45UDuZHz9r3tNz7N/VInSVoVdtXEI4A=="
    },
    "@orama/core@1.2.17": {
      "integrity": "sha512-gOjV1CQlD2h9XunbatH1u27g82hk+CL52puZI6158DKD9QVOKUUJ2mwQG1XRzVj7o2FKZqyZIxD1TUS6MClAfg==",
      "dependencies": [
        "@orama/cuid2",
        "@orama/oramacore-events-parser"
      ]
    },
    "@orama/cuid2@2.2.3": {
      "integrity": "sha512-Lcak3chblMejdlSHgYU2lS2cdOhDpU6vkfIJH4m+YKvqQyLqs1bB8+w6NT1MG5bO12NUK2GFc34Mn2xshMIQ1g==",
      "dependencies": [
        "@noble/hashes"
      ]
    },
    "@orama/oramacore-events-parser@0.0.5": {
      "integrity": "sha512-yAuSwog+HQBAXgZ60TNKEwu04y81/09mpbYBCmz1RCxnr4ObNY2JnPZI7HmALbjAhLJ8t5p+wc2JHRK93ubO4w=="
    },
    "commander@8.3.0": {
      "integrity": "sha512-OkTL9umf+He2DZkUq8f8J9of7yL6RJKI24dVITBmNfZBmri9zYZQrKkuXiKhyfPSu8tUhnVBB1iKXevvnlR4Ww=="
    },
    "deepmerge@4.3.1": {
      "integrity": "sha512-3sUqbMEc77XqpdNO7FRyRog+eW3ph+GYCbj+rK+uYyRMuwsVy0rMiVtPn+QJlKFvWP/1PYpapqYn0Me2knFn+A=="
    },
    "dom-serializer@2.0.0": {
      "integrity": "sha512-wIkAryiqt/nV5EQKqQpo3SToSOV9J0DnbJqwK7Wv/Trc92zIAYZ4FlMu+JPFW1DfGFt81ZTCGgDEabffXeLyJg==",
      "dependencies": [
        "domelementtype",
        "domhandler",
        "entities"
      ]
    },
    "domelementtype@2.3.0": {
      "integrity": "sha512-OLETBj6w0OsagBwdXnPdN0cnMfF9opN69co+7ZrbfPGrdpPVNBUj02spi6B1N7wChLQiPn4CSH/zJvXw56gmHw=="
    },
    "domhandler@5.0.3": {
      "integrity": "sha512-cgwlv/1iFQiFnU96XXgROh8xTeetsnJiDsTc7TYCLFd9+/WNkIqPTxiM/8pSd8VIrhXGTf1Ny1q1hquVqDJB5w==",
      "dependencies": [
        "domelementtype"
      ]
    },
    "domutils@3.1.0": {
      "integrity": "sha512-H78uMmQtI2AhgDJjWeQmHwJJ2bLPD3GMmO7Zja/ZZh84wkm+4ut+IUnUdRa8uCGX88DiVx1j6FRe1XfxEgjEZA==",
      "dependencies": [
        "dom-serializer",
        "domelementtype",
        "domhandler"
      ]
    },
    "entities@4.5.0": {
      "integrity": "sha512-V0hjH4dGPh9Ao5p0MoRY6BVqtwCjhz6vI5LT8AJ55H+4g9/4vbHx1I54fS0XuclLhDHArPQCiMjDxjaL8fPxhw=="
    },
    "escape-string-regexp@4.0.0": {
      "integrity": "sha512-TtpcNJ3XAzx3Gq8sWRzJaVajRs0uVxA2YAkdb1jm2YkPz4G6egUFAyA3n5vtEIZefPk5Wa4UXbKuS5fKkJWdgA=="
    },
    "github-slugger@2.0.0": {
      "integrity": "sha512-IaOQ9puYtjrkq7Y0Ygl9KDZnrf/aiUJYUpVf89y8kyaxbRG7Y1SrX/jaumrv81vc61+kiMempujsM3Yw7w5qcw=="
    },
    "he@1.2.0": {
      "integrity": "sha512-F/1DnUGPopORZi0ni+CvrCgHQ5FyEAHRLSApuYWMmrbSwoN2Mn/7k+Gl38gJnR7yyDZk6WLXwiGod1JOWNDKGw==",
      "bin": true
    },
    "htmlparser2@8.0.2": {
      "integrity": "sha512-GYdjWKDkbRLkZ5geuHs5NY1puJ+PXwP7+fHPRz06Eirsb9ugf6d8kkXav6ADhcODhFFPMIXyxkxSuMf3D6NCFA==",
      "dependencies": [
        "domelementtype",
        "domhandler",
        "domutils",
        "entities"
      ]
    },
    "is-plain-object@5.0.0": {
      "integrity": "sha512-VRSzKkbMm5jMDoKLbltAkFQ5Qr7VDiTFGXxYFXXowVj387GeGNOCsOH6Msy00SGZ3Fp84b1Naa1psqgcCIEP5Q=="
    },
    "katex@0.16.11": {
      "integrity": "sha512-RQrI8rlHY92OLf3rho/Ts8i/XvjgguEjOkO1BEXcU3N8BqPpSzBNwV/G0Ukr+P/l3ivvJUE/Fa/CwbS6HesGNQ==",
      "dependencies": [
        "commander"
      ],
      "bin": true
    },
    "marked-alert@2.1.2_marked@12.0.2": {
      "integrity": "sha512-EFNRZ08d8L/iEIPLTlQMDjvwIsj03gxWCczYTht6DCiHJIZhMk4NK5gtPY9UqAYb09eV5VGT+jD4lp396E0I+w==",
      "dependencies": [
        "marked"
      ]
    },
    "marked-footnote@1.2.4_marked@12.0.2": {
      "integrity": "sha512-DB2Kl+wFh6YwZd70qABMY6WUkG1UuyqoNTFoDfGyG79Pz24neYtLBkB+45a7o72V7gkfvbC3CGzIYFobxfMT1Q==",
      "dependencies": [
        "marked"
      ]
    },
    "marked-gfm-heading-id@3.2.0_marked@12.0.2": {
      "integrity": "sha512-Xfxpr5lXLDLY10XqzSCA9l2dDaiabQUgtYM9hw8yunyVsB/xYBRpiic6BOiY/EAJw1ik1eWr1ET1HKOAPZBhXg==",
      "dependencies": [
        "github-slugger",
        "marked"
      ]
    },
    "marked@12.0.2": {
      "integrity": "sha512-qXUm7e/YKFoqFPYPa3Ukg9xlI5cyAtGmyEIzMfW//m6kXwCy2Ps9DYf5ioijFKQ8qyuscrHoY04iJGctu2Kg0Q==",
      "bin": true
    },
    "nanoid@3.3.7": {
      "integrity": "sha512-eSRppjcPIatRIMC1U6UngP8XFcz8MQWGQdt1MTBQ7NaAmvXDfvNxbvWV3x2y6CdEUciCSsDHDQZbhYaB8QEo2g==",
      "bin": true
    },
    "parse-srcset@1.0.2": {
      "integrity": "sha512-/2qh0lav6CmI15FzA3i/2Bzk2zCgQhGMkvhOhKNcBVQ1ldgpbfiNTVslmooUmWJcADi1f1kIeynbDRVzNlfR6Q=="
    },
    "picocolors@1.1.1": {
      "integrity": "sha512-xceH2snhtb5M9liqDsmEw56le376mTZkEX/jEb/RxNFyegNul7eNslCXP9FDj/Lcu0X8KEyMceP2ntpaHrDEVA=="
    },
    "postcss@8.4.49": {
      "integrity": "sha512-OCVPnIObs4N29kxTjzLfUryOkvZEq+pf8jTF0lg8E7uETuWHA+v7j3c/xJmiqpX450191LlmZfUKkXxkTry7nA==",
      "dependencies": [
        "nanoid",
        "picocolors",
        "source-map-js"
      ]
    },
    "prismjs@1.29.0": {
      "integrity": "sha512-Kx/1w86q/epKcmte75LNrEoT+lX8pBpavuAbvJWRXar7Hz8jrtF+e3vY751p0R8H9HdArwaCTNDDzHg/ScJK1Q=="
    },
    "sanitize-html@2.13.1": {
      "integrity": "sha512-ZXtKq89oue4RP7abL9wp/9URJcqQNABB5GGJ2acW1sdO8JTVl92f4ygD7Yc9Ze09VAZhnt2zegeU0tbNsdcLYg==",
      "dependencies": [
        "deepmerge",
        "escape-string-regexp",
        "htmlparser2",
        "is-plain-object",
        "parse-srcset",
        "postcss"
      ]
    },
    "source-map-js@1.2.1": {
      "integrity": "sha512-UXWMKhLOwVKb728IUtQPXxfYU+usdybtUrK/8uGE8CQMvrhOpwvzDBwj0QhSL7MQc7vIsISBG8VQ8+IDQxpfQA=="
    }
  },
  "remote": {
    "https://deno.land/x/postgres@v0.19.5/client.ts": "f8395fb22363ff012841dd4e35ee14404ecd649f9e90041c615a3251b94ebab2",
    "https://deno.land/x/postgres@v0.19.5/client/error.ts": "03e959971d421acd8064574f29550f4b6911634c984e58860306e9802e5fc991",
    "https://deno.land/x/postgres@v0.19.5/connection/auth.ts": "96a8ce1798ad5ef615dc3b4c03d1ae9bb4b9f9e9f85f6430e4ac2b362725bb66",
    "https://deno.land/x/postgres@v0.19.5/connection/connection.ts": "16d24bfc0649e5c0a178f4a3ba7044d5549226821093060a172734e211df33de",
    "https://deno.land/x/postgres@v0.19.5/connection/connection_params.ts": "a7a55ce22e7f45b12d94191291a03b089f1133828098dbbc614fc6d9a5f5e154",
    "https://deno.land/x/postgres@v0.19.5/connection/message.ts": "20da5d80fc4d7ddb7b850083e0b3fa8734eb26642221dad89c62e27d78e57a4d",
    "https://deno.land/x/postgres@v0.19.5/connection/message_code.ts": "cfbc0f2a557a91637755e8cbed41d1f8536ffb47fdd5a8957e08625a830bbc12",
    "https://deno.land/x/postgres@v0.19.5/connection/packet.ts": "17eb42ca261b4d58b4fae945b960c333ca76fa9b0bad5803b7636909e09897fc",
    "https://deno.land/x/postgres@v0.19.5/connection/scram.ts": "4c138a1d9d866a8bb1c4386837a6a1ee9481b57380561a722439dbb0ecc215d6",
    "https://deno.land/x/postgres@v0.19.5/debug.ts": "8add17699191f11e6830b8c95d9de25857d221bb2cf6c4ae22254d395895c1f9",
    "https://deno.land/x/postgres@v0.19.5/mod.ts": "fd97a0e3e8db9318e327b0bca583114718653b61a131099af82a6afb9dbe3a69",
    "https://deno.land/x/postgres@v0.19.5/pool.ts": "7b468e6e05044a0a68402379863c221d90aea701be70db482cc2fdab5ff3ca2f",
    "https://deno.land/x/postgres@v0.19.5/query/array_parser.ts": "a044d6ee1a4dc685deac37116e025abe7fdc5bf7d18f3b3db36c3e9023468710",
    "https://deno.land/x/postgres@v0.19.5/query/decode.ts": "7479fd7aea65c871a6bf0a38032d1091933b3d7ecb81ed5224cd7309fe5e68f6",
    "https://deno.land/x/postgres@v0.19.5/query/decoders.ts": "ff58328637128ce6ca26964063e6a491566ab2defc7bd0d07a8c6fa57c422dfb",
    "https://deno.land/x/postgres@v0.19.5/query/encode.ts": "2e9fc0c54f241ddec70d5f62a6ab7c060039101a8c8df7111f42f7996ab8453d",
    "https://deno.land/x/postgres@v0.19.5/query/oid.ts": "21fc714ac212350ba7df496f88ea9e01a4ee0458911d0f2b6a81498e12e7af4c",
    "https://deno.land/x/postgres@v0.19.5/query/query.ts": "a94abb12d5365eb64cfe5b6a84bb0a8a5aa6c9d92f588861825974765d4af803",
    "https://deno.land/x/postgres@v0.19.5/query/transaction.ts": "d6989379be861d4673a72189ef245670dc884f93d2f723993052eae20cbfc545",
    "https://deno.land/x/postgres@v0.19.5/query/types.ts": "540f6f973d493d63f2c0059a09f3368071f57931bba68bea408a635a3e0565d6",
    "https://deno.land/x/postgres@v0.19.5/utils/deferred.ts": "45651f19a1524f88414bbc9326ae1534854afe03f5b7537f713a3655ed2d7b9a",
    "https://deno.land/x/postgres@v0.19.5/utils/utils.ts": "ff3abca25712fc0a1543103f8ebed057ae9d2bc251e286c883ac65e86fcdc6c9"
  },
  "workspace": {
    "dependencies": [
      "jsr:@deno/doc@0.183",
      "jsr:@deno/gfm@0.10",
      "jsr:@std/async@^1.0.8",
      "jsr:@std/bytes@^1.0.6",
      "jsr:@std/collections@^1.1.3",
      "jsr:@std/crypto@^1.0.5",
      "jsr:@std/encoding@^1.0.10",
      "jsr:@std/fmt@^1.0.8",
      "jsr:@std/front-matter@^1.0.5",
      "jsr:@std/path@^1.0.8",
      "npm:@mdn/browser-compat-data@^7.1.6",
      "npm:@orama/core@^1.2.17",
      "npm:github-slugger@2"
    ]
  }
}
